
Microsoft Visual Studio Solution File, Format Version 12.00
# Visual Studio Version 17
VisualStudioVersion = 17.6.33829.357
MinimumVisualStudioVersion = 10.0.40219.1
Project("{FAE04EC0-301F-11D3-BF4B-00C04F79EFBC}") = "BasicCalculator", "BasicCalculator\BasicCalculator.csproj", "{C08D1B53-F270-49E4-9D6E-293BADACF31F}"
EndProject
Project("{FAE04EC0-301F-11D3-BF4B-00C04F79EFBC}") = "CalculatorPrivateAssembly", "CalculatorPrivateAssembly\CalculatorPrivateAssembly.csproj", "{DA0BEDBF-E2F4-434E-ACF9-309749E14277}"
EndProject
Global
	GlobalSection(SolutionConfigurationPlatforms) = preSolution
		Debug|Any CPU = Debug|Any CPU
		Release|Any CPU = Release|Any CPU
	EndGlobalSection
	GlobalSection(ProjectConfigurationPlatforms) = postSolution
		{C08D1B53-F270-49E4-9D6E-293BADACF31F}.Debug|Any CPU.ActiveCfg = Debug|Any CPU
		{C08D1B53-F270-49E4-9D6E-293BADACF31F}.Debug|Any CPU.Build.0 = Debug|Any CPU
		{C08D1B53-F270-49E4-9D6E-293BADACF31F}.Release|Any CPU.ActiveCfg = Release|Any CPU
		{C08D1B53-F270-49E4-9D6E-293BADACF31F}.Release|Any CPU.Build.0 = Release|Any CPU
		{DA0BEDBF-E2F4-434E-ACF9-309749E14277}.Debug|Any CPU.ActiveCfg = Debug|Any CPU
		{DA0BEDBF-E2F4-434E-ACF9-309749E14277}.Debug|Any CPU.Build.0 = Debug|Any CPU
		{DA0BEDBF-E2F4-434E-ACF9-309749E14277}.Release|Any CPU.ActiveCfg = Release|Any CPU
		{DA0BEDBF-E2F4-434E-ACF9-309749E14277}.Release|Any CPU.Build.0 = Release|Any CPU
	EndGlobalSection
	GlobalSection(SolutionProperties) = preSolution
		HideSolutionNode = FALSE
	EndGlobalSection
	GlobalSection(ExtensibilityGlobals) = postSolution
		SolutionGuid = {DBD1CCBE-E7A3-44B7-9AE7-B40F4BAFD54B}
	EndGlobalSection
EndGlobal
